PODS:
  - Alamofire (5.7.1)
  - IQKeyboardManager (6.5.11)
  - Kingfisher (7.7.0)
  - lottie-ios (4.2.0)
  - NVActivityIndicatorView (5.1.1):
    - NVActivityIndicatorView/Base (= 5.1.1)
  - NVActivityIndicatorView/Base (5.1.1)
  - PanModal (1.2.7)

DEPENDENCIES:
  - Alamofire
  - IQKeyboardManager
  - Kingfisher
  - lottie-ios
  - NVActivityIndicatorView
  - PanModal

SPEC REPOS:
  trunk:
    - Alamofire
    - IQKeyboardManager
    - Kingfisher
    - lottie-ios
    - NVActivityIndicatorView
    - PanModal

SPEC CHECKSUMS:
  Alamofire: 0123a34370cb170936ae79a8df46cc62b2edeb88
  IQKeyboardManager: ef43ce1ba1e5aaf4adf222c0a46f39761f246879
  Kingfisher: f043ac666dfc96c1f37604f93effb45a7ee3a3e1
  lottie-ios: 809ecf2d460ed650a6aed7aa88b2ec45fab4779c
  NVActivityIndicatorView: 1f6c5687f1171810aa27a3296814dc2d7dec3667
  PanModal: 3e16ead1a907fb06f4df3f13492fd00149fa4974

PODFILE CHECKSUM: 29562c0a3a2615f5f8b2654e6feb4cea4e2d548b

COCOAPODS: 1.12.0
