// !$*UTF8*$!
{
	archiveVersion = 1;
	classes = {
	};
	objectVersion = 55;
	objects = {

/* Begin PBXBuildFile section */
		6BAB2FAB29EDCDA4001C1286 /* AppDelegate.swift in Sources */ = {isa = PBXBuildFile; fileRef = 6BAB2FAA29EDCDA4001C1286 /* AppDelegate.swift */; };
		6BAB2FAD29EDCDA4001C1286 /* SceneDelegate.swift in Sources */ = {isa = PBXBuildFile; fileRef = 6BAB2FAC29EDCDA4001C1286 /* SceneDelegate.swift */; };
		6BAB2FAF29EDCDA4001C1286 /* ViewController.swift in Sources */ = {isa = PBXBuildFile; fileRef = 6BAB2FAE29EDCDA4001C1286 /* ViewController.swift */; };
		6BAB2FB229EDCDA4001C1286 /* Main.storyboard in Resources */ = {isa = PBXBuildFile; fileRef = 6BAB2FB029EDCDA4001C1286 /* Main.storyboard */; };
		6BAB2FB529EDCDA4001C1286 /* OpenSky.xcdatamodeld in Sources */ = {isa = PBXBuildFile; fileRef = 6BAB2FB329EDCDA4001C1286 /* OpenSky.xcdatamodeld */; };
		6BAB2FB729EDCDA5001C1286 /* Assets.xcassets in Resources */ = {isa = PBXBuildFile; fileRef = 6BAB2FB629EDCDA5001C1286 /* Assets.xcassets */; };
		6BAB2FBA29EDCDA5001C1286 /* LaunchScreen.storyboard in Resources */ = {isa = PBXBuildFile; fileRef = 6BAB2FB829EDCDA5001C1286 /* LaunchScreen.storyboard */; };
		B2046A735F84E79D7D2555D8 /* Pods_OpenSky.framework in Frameworks */ = {isa = PBXBuildFile; fileRef = 8630E87C9C4F1FE8665407F2 /* Pods_OpenSky.framework */; };
/* End PBXBuildFile section */

/* Begin PBXFileReference section */
		6BAB2FA729EDCDA4001C1286 /* OpenSky.app */ = {isa = PBXFileReference; explicitFileType = wrapper.application; includeInIndex = 0; path = OpenSky.app; sourceTree = BUILT_PRODUCTS_DIR; };
		6BAB2FAA29EDCDA4001C1286 /* AppDelegate.swift */ = {isa = PBXFileReference; lastKnownFileType = sourcecode.swift; path = AppDelegate.swift; sourceTree = "<group>"; };
		6BAB2FAC29EDCDA4001C1286 /* SceneDelegate.swift */ = {isa = PBXFileReference; lastKnownFileType = sourcecode.swift; path = SceneDelegate.swift; sourceTree = "<group>"; };
		6BAB2FAE29EDCDA4001C1286 /* ViewController.swift */ = {isa = PBXFileReference; lastKnownFileType = sourcecode.swift; path = ViewController.swift; sourceTree = "<group>"; };
		6BAB2FB129EDCDA4001C1286 /* Base */ = {isa = PBXFileReference; lastKnownFileType = file.storyboard; name = Base; path = Base.lproj/Main.storyboard; sourceTree = "<group>"; };
		6BAB2FB429EDCDA4001C1286 /* OpenSky.xcdatamodel */ = {isa = PBXFileReference; lastKnownFileType = wrapper.xcdatamodel; path = OpenSky.xcdatamodel; sourceTree = "<group>"; };
		6BAB2FB629EDCDA5001C1286 /* Assets.xcassets */ = {isa = PBXFileReference; lastKnownFileType = folder.assetcatalog; path = Assets.xcassets; sourceTree = "<group>"; };
		6BAB2FB929EDCDA5001C1286 /* Base */ = {isa = PBXFileReference; lastKnownFileType = file.storyboard; name = Base; path = Base.lproj/LaunchScreen.storyboard; sourceTree = "<group>"; };
		6BAB2FBB29EDCDA5001C1286 /* Info.plist */ = {isa = PBXFileReference; lastKnownFileType = text.plist.xml; path = Info.plist; sourceTree = "<group>"; };
		8630E87C9C4F1FE8665407F2 /* Pods_OpenSky.framework */ = {isa = PBXFileReference; explicitFileType = wrapper.framework; includeInIndex = 0; path = Pods_OpenSky.framework; sourceTree = BUILT_PRODUCTS_DIR; };
		9A8053D52CA20837F8F930E8 /* Pods-OpenSky.release.xcconfig */ = {isa = PBXFileReference; includeInIndex = 1; lastKnownFileType = text.xcconfig; name = "Pods-OpenSky.release.xcconfig"; path = "Target Support Files/Pods-OpenSky/Pods-OpenSky.release.xcconfig"; sourceTree = "<group>"; };
		BA2CFD494E9676C639DC94D8 /* Pods-OpenSky.debug.xcconfig */ = {isa = PBXFileReference; includeInIndex = 1; lastKnownFileType = text.xcconfig; name = "Pods-OpenSky.debug.xcconfig"; path = "Target Support Files/Pods-OpenSky/Pods-OpenSky.debug.xcconfig"; sourceTree = "<group>"; };
/* End PBXFileReference section */

/* Begin PBXFrameworksBuildPhase section */
		6BAB2FA429EDCDA4001C1286 /* Frameworks */ = {
			isa = PBXFrameworksBuildPhase;
			buildActionMask = 2147483647;
			files = (
				B2046A735F84E79D7D2555D8 /* Pods_OpenSky.framework in Frameworks */,
			);
			runOnlyForDeploymentPostprocessing = 0;
		};
/* End PBXFrameworksBuildPhase section */

/* Begin PBXGroup section */
		2D6FA276ED48084A164BCB79 /* Frameworks */ = {
			isa = PBXGroup;
			children = (
				8630E87C9C4F1FE8665407F2 /* Pods_OpenSky.framework */,
			);
			name = Frameworks;
			sourceTree = "<group>";
		};
		66BA9542840D17A8047B4A82 /* Pods */ = {
			isa = PBXGroup;
			children = (
				BA2CFD494E9676C639DC94D8 /* Pods-OpenSky.debug.xcconfig */,
				9A8053D52CA20837F8F930E8 /* Pods-OpenSky.release.xcconfig */,
			);
			path = Pods;
			sourceTree = "<group>";
		};
		6BAB2F9E29EDCDA4001C1286 = {
			isa = PBXGroup;
			children = (
				6BAB2FA929EDCDA4001C1286 /* OpenSky */,
				6BAB2FA829EDCDA4001C1286 /* Products */,
				66BA9542840D17A8047B4A82 /* Pods */,
				2D6FA276ED48084A164BCB79 /* Frameworks */,
			);
			sourceTree = "<group>";
		};
		6BAB2FA829EDCDA4001C1286 /* Products */ = {
			isa = PBXGroup;
			children = (
				6BAB2FA729EDCDA4001C1286 /* OpenSky.app */,
			);
			name = Products;
			sourceTree = "<group>";
		};
		6BAB2FA929EDCDA4001C1286 /* OpenSky */ = {
			isa = PBXGroup;
			children = (
				6BD1E96529EDE7C600E78292 /* Managers */,
				6BD1E96029EDE78B00E78292 /* Network */,
				6BD1E95F29EDE78400E78292 /* Scenes */,
				6BD1E96129EDE79200E78292 /* ViewModels */,
				6BD1E96629EDE7E000E78292 /* Base */,
				6BD1E96329EDE7A100E78292 /* Extensions */,
				6BD1E96229EDE79B00E78292 /* Helpers */,
				6BD1E96729EDE80100E78292 /* Utilities */,
				6BD1E96429EDE7A700E78292 /* Resources */,
				6BAB2FB329EDCDA4001C1286 /* OpenSky.xcdatamodeld */,
			);
			path = OpenSky;
			sourceTree = "<group>";
		};
		6BD1E95F29EDE78400E78292 /* Scenes */ = {
			isa = PBXGroup;
			children = (
				6BD1E96929EDE86100E78292 /* Launch */,
				6BD1E96A29EDE86C00E78292 /* Main */,
			);
			path = Scenes;
			sourceTree = "<group>";
		};
		6BD1E96029EDE78B00E78292 /* Network */ = {
			isa = PBXGroup;
			children = (
			);
			path = Network;
			sourceTree = "<group>";
		};
		6BD1E96129EDE79200E78292 /* ViewModels */ = {
			isa = PBXGroup;
			children = (
			);
			path = ViewModels;
			sourceTree = "<group>";
		};
		6BD1E96229EDE79B00E78292 /* Helpers */ = {
			isa = PBXGroup;
			children = (
			);
			path = Helpers;
			sourceTree = "<group>";
		};
		6BD1E96329EDE7A100E78292 /* Extensions */ = {
			isa = PBXGroup;
			children = (
			);
			path = Extensions;
			sourceTree = "<group>";
		};
		6BD1E96429EDE7A700E78292 /* Resources */ = {
			isa = PBXGroup;
			children = (
				6BD1E96829EDE82600E78292 /* Assets */,
				6BAB2FBB29EDCDA5001C1286 /* Info.plist */,
			);
			path = Resources;
			sourceTree = "<group>";
		};
		6BD1E96529EDE7C600E78292 /* Managers */ = {
			isa = PBXGroup;
			children = (
			);
			path = Managers;
			sourceTree = "<group>";
		};
		6BD1E96629EDE7E000E78292 /* Base */ = {
			isa = PBXGroup;
			children = (
			);
			path = Base;
			sourceTree = "<group>";
		};
		6BD1E96729EDE80100E78292 /* Utilities */ = {
			isa = PBXGroup;
			children = (
				6BAB2FAA29EDCDA4001C1286 /* AppDelegate.swift */,
				6BAB2FAC29EDCDA4001C1286 /* SceneDelegate.swift */,
			);
			path = Utilities;
			sourceTree = "<group>";
		};
		6BD1E96829EDE82600E78292 /* Assets */ = {
			isa = PBXGroup;
			children = (
				6BAB2FB629EDCDA5001C1286 /* Assets.xcassets */,
			);
			path = Assets;
			sourceTree = "<group>";
		};
		6BD1E96929EDE86100E78292 /* Launch */ = {
			isa = PBXGroup;
			children = (
				6BAB2FB829EDCDA5001C1286 /* LaunchScreen.storyboard */,
			);
			path = Launch;
			sourceTree = "<group>";
		};
		6BD1E96A29EDE86C00E78292 /* Main */ = {
			isa = PBXGroup;
			children = (
				6BAB2FB029EDCDA4001C1286 /* Main.storyboard */,
				6BAB2FAE29EDCDA4001C1286 /* ViewController.swift */,
			);
			path = Main;
			sourceTree = "<group>";
		};
/* End PBXGroup section */

/* Begin PBXNativeTarget section */
		6BAB2FA629EDCDA4001C1286 /* OpenSky */ = {
			isa = PBXNativeTarget;
			buildConfigurationList = 6BAB2FBE29EDCDA5001C1286 /* Build configuration list for PBXNativeTarget "OpenSky" */;
			buildPhases = (
				A0C7DC687DBF0D1A17F86EE1 /* [CP] Check Pods Manifest.lock */,
				6BAB2FA329EDCDA4001C1286 /* Sources */,
				6BAB2FA429EDCDA4001C1286 /* Frameworks */,
				6BAB2FA529EDCDA4001C1286 /* Resources */,
				ACE46A3E0AD3A6575903852E /* [CP] Embed Pods Frameworks */,
			);
			buildRules = (
			);
			dependencies = (
			);
			name = OpenSky;
			productName = OpenSky;
			productReference = 6BAB2FA729EDCDA4001C1286 /* OpenSky.app */;
			productType = "com.apple.product-type.application";
		};
/* End PBXNativeTarget section */

/* Begin PBXProject section */
		6BAB2F9F29EDCDA4001C1286 /* Project object */ = {
			isa = PBXProject;
			attributes = {
				BuildIndependentTargetsInParallel = 1;
				LastSwiftUpdateCheck = 1330;
				LastUpgradeCheck = 1330;
				TargetAttributes = {
					6BAB2FA629EDCDA4001C1286 = {
						CreatedOnToolsVersion = 13.3.1;
					};
				};
			};
			buildConfigurationList = 6BAB2FA229EDCDA4001C1286 /* Build configuration list for PBXProject "OpenSky" */;
			compatibilityVersion = "Xcode 13.0";
			developmentRegion = en;
			hasScannedForEncodings = 0;
			knownRegions = (
				en,
				Base,
			);
			mainGroup = 6BAB2F9E29EDCDA4001C1286;
			productRefGroup = 6BAB2FA829EDCDA4001C1286 /* Products */;
			projectDirPath = "";
			projectRoot = "";
			targets = (
				6BAB2FA629EDCDA4001C1286 /* OpenSky */,
			);
		};
/* End PBXProject section */

/* Begin PBXResourcesBuildPhase section */
		6BAB2FA529EDCDA4001C1286 /* Resources */ = {
			isa = PBXResourcesBuildPhase;
			buildActionMask = 2147483647;
			files = (
				6BAB2FBA29EDCDA5001C1286 /* LaunchScreen.storyboard in Resources */,
				6BAB2FB729EDCDA5001C1286 /* Assets.xcassets in Resources */,
				6BAB2FB229EDCDA4001C1286 /* Main.storyboard in Resources */,
			);
			runOnlyForDeploymentPostprocessing = 0;
		};
/* End PBXResourcesBuildPhase section */

/* Begin PBXShellScriptBuildPhase section */
		A0C7DC687DBF0D1A17F86EE1 /* [CP] Check Pods Manifest.lock */ = {
			isa = PBXShellScriptBuildPhase;
			buildActionMask = 2147483647;
			files = (
			);
			inputFileListPaths = (
			);
			inputPaths = (
				"${PODS_PODFILE_DIR_PATH}/Podfile.lock",
				"${PODS_ROOT}/Manifest.lock",
			);
			name = "[CP] Check Pods Manifest.lock";
			outputFileListPaths = (
			);
			outputPaths = (
				"$(DERIVED_FILE_DIR)/Pods-OpenSky-checkManifestLockResult.txt",
			);
			runOnlyForDeploymentPostprocessing = 0;
			shellPath = /bin/sh;
			shellScript = "diff \"${PODS_PODFILE_DIR_PATH}/Podfile.lock\" \"${PODS_ROOT}/Manifest.lock\" > /dev/null\nif [ $? != 0 ] ; then\n    # print error to STDERR\n    echo \"error: The sandbox is not in sync with the Podfile.lock. Run 'pod install' or update your CocoaPods installation.\" >&2\n    exit 1\nfi\n# This output is used by Xcode 'outputs' to avoid re-running this script phase.\necho \"SUCCESS\" > \"${SCRIPT_OUTPUT_FILE_0}\"\n";
			showEnvVarsInLog = 0;
		};
		ACE46A3E0AD3A6575903852E /* [CP] Embed Pods Frameworks */ = {
			isa = PBXShellScriptBuildPhase;
			buildActionMask = 2147483647;
			files = (
			);
			inputFileListPaths = (
				"${PODS_ROOT}/Target Support Files/Pods-OpenSky/Pods-OpenSky-frameworks-${CONFIGURATION}-input-files.xcfilelist",
			);
			name = "[CP] Embed Pods Frameworks";
			outputFileListPaths = (
				"${PODS_ROOT}/Target Support Files/Pods-OpenSky/Pods-OpenSky-frameworks-${CONFIGURATION}-output-files.xcfilelist",
			);
			runOnlyForDeploymentPostprocessing = 0;
			shellPath = /bin/sh;
			shellScript = "\"${PODS_ROOT}/Target Support Files/Pods-OpenSky/Pods-OpenSky-frameworks.sh\"\n";
			showEnvVarsInLog = 0;
		};
/* End PBXShellScriptBuildPhase section */

/* Begin PBXSourcesBuildPhase section */
		6BAB2FA329EDCDA4001C1286 /* Sources */ = {
			isa = PBXSourcesBuildPhase;
			buildActionMask = 2147483647;
			files = (
				6BAB2FAF29EDCDA4001C1286 /* ViewController.swift in Sources */,
				6BAB2FB529EDCDA4001C1286 /* OpenSky.xcdatamodeld in Sources */,
				6BAB2FAB29EDCDA4001C1286 /* AppDelegate.swift in Sources */,
				6BAB2FAD29EDCDA4001C1286 /* SceneDelegate.swift in Sources */,
			);
			runOnlyForDeploymentPostprocessing = 0;
		};
/* End PBXSourcesBuildPhase section */

/* Begin PBXVariantGroup section */
		6BAB2FB029EDCDA4001C1286 /* Main.storyboard */ = {
			isa = PBXVariantGroup;
			children = (
				6BAB2FB129EDCDA4001C1286 /* Base */,
			);
			name = Main.storyboard;
			sourceTree = "<group>";
		};
		6BAB2FB829EDCDA5001C1286 /* LaunchScreen.storyboard */ = {
			isa = PBXVariantGroup;
			children = (
				6BAB2FB929EDCDA5001C1286 /* Base */,
			);
			name = LaunchScreen.storyboard;
			sourceTree = "<group>";
		};
/* End PBXVariantGroup section */

/* Begin XCBuildConfiguration section */
		6BAB2FBC29EDCDA5001C1286 /* Debug */ = {
			isa = XCBuildConfiguration;
			buildSettings = {
				ALWAYS_SEARCH_USER_PATHS = NO;
				CLANG_ANALYZER_NONNULL = YES;
				CLANG_ANALYZER_NUMBER_OBJECT_CONVERSION = YES_AGGRESSIVE;
				CLANG_CXX_LANGUAGE_STANDARD = "gnu++17";
				CLANG_ENABLE_MODULES = YES;
				CLANG_ENABLE_OBJC_ARC = YES;
				CLANG_ENABLE_OBJC_WEAK = YES;
				CLANG_WARN_BLOCK_CAPTURE_AUTORELEASING = YES;
				CLANG_WARN_BOOL_CONVERSION = YES;
				CLANG_WARN_COMMA = YES;
				CLANG_WARN_CONSTANT_CONVERSION = YES;
				CLANG_WARN_DEPRECATED_OBJC_IMPLEMENTATIONS = YES;
				CLANG_WARN_DIRECT_OBJC_ISA_USAGE = YES_ERROR;
				CLANG_WARN_DOCUMENTATION_COMMENTS = YES;
				CLANG_WARN_EMPTY_BODY = YES;
				CLANG_WARN_ENUM_CONVERSION = YES;
				CLANG_WARN_INFINITE_RECURSION = YES;
				CLANG_WARN_INT_CONVERSION = YES;
				CLANG_WARN_NON_LITERAL_NULL_CONVERSION = YES;
				CLANG_WARN_OBJC_IMPLICIT_RETAIN_SELF = YES;
				CLANG_WARN_OBJC_LITERAL_CONVERSION = YES;
				CLANG_WARN_OBJC_ROOT_CLASS = YES_ERROR;
				CLANG_WARN_QUOTED_INCLUDE_IN_FRAMEWORK_HEADER = YES;
				CLANG_WARN_RANGE_LOOP_ANALYSIS = YES;
				CLANG_WARN_STRICT_PROTOTYPES = YES;
				CLANG_WARN_SUSPICIOUS_MOVE = YES;
				CLANG_WARN_UNGUARDED_AVAILABILITY = YES_AGGRESSIVE;
				CLANG_WARN_UNREACHABLE_CODE = YES;
				CLANG_WARN__DUPLICATE_METHOD_MATCH = YES;
				COPY_PHASE_STRIP = NO;
				DEBUG_INFORMATION_FORMAT = dwarf;
				ENABLE_STRICT_OBJC_MSGSEND = YES;
				ENABLE_TESTABILITY = YES;
				GCC_C_LANGUAGE_STANDARD = gnu11;
				GCC_DYNAMIC_NO_PIC = NO;
				GCC_NO_COMMON_BLOCKS = YES;
				GCC_OPTIMIZATION_LEVEL = 0;
				GCC_PREPROCESSOR_DEFINITIONS = (
					"DEBUG=1",
					"$(inherited)",
				);
				GCC_WARN_64_TO_32_BIT_CONVERSION = YES;
				GCC_WARN_ABOUT_RETURN_TYPE = YES_ERROR;
				GCC_WARN_UNDECLARED_SELECTOR = YES;
				GCC_WARN_UNINITIALIZED_AUTOS = YES_AGGRESSIVE;
				GCC_WARN_UNUSED_FUNCTION = YES;
				GCC_WARN_UNUSED_VARIABLE = YES;
				IPHONEOS_DEPLOYMENT_TARGET = 13.0;
				MTL_ENABLE_DEBUG_INFO = INCLUDE_SOURCE;
				MTL_FAST_MATH = YES;
				ONLY_ACTIVE_ARCH = YES;
				SDKROOT = iphoneos;
				SWIFT_ACTIVE_COMPILATION_CONDITIONS = DEBUG;
				SWIFT_OPTIMIZATION_LEVEL = "-Onone";
			};
			name = Debug;
		};
		6BAB2FBD29EDCDA5001C1286 /* Release */ = {
			isa = XCBuildConfiguration;
			buildSettings = {
				ALWAYS_SEARCH_USER_PATHS = NO;
				CLANG_ANALYZER_NONNULL = YES;
				CLANG_ANALYZER_NUMBER_OBJECT_CONVERSION = YES_AGGRESSIVE;
				CLANG_CXX_LANGUAGE_STANDARD = "gnu++17";
				CLANG_ENABLE_MODULES = YES;
				CLANG_ENABLE_OBJC_ARC = YES;
				CLANG_ENABLE_OBJC_WEAK = YES;
				CLANG_WARN_BLOCK_CAPTURE_AUTORELEASING = YES;
				CLANG_WARN_BOOL_CONVERSION = YES;
				CLANG_WARN_COMMA = YES;
				CLANG_WARN_CONSTANT_CONVERSION = YES;
				CLANG_WARN_DEPRECATED_OBJC_IMPLEMENTATIONS = YES;
				CLANG_WARN_DIRECT_OBJC_ISA_USAGE = YES_ERROR;
				CLANG_WARN_DOCUMENTATION_COMMENTS = YES;
				CLANG_WARN_EMPTY_BODY = YES;
				CLANG_WARN_ENUM_CONVERSION = YES;
				CLANG_WARN_INFINITE_RECURSION = YES;
				CLANG_WARN_INT_CONVERSION = YES;
				CLANG_WARN_NON_LITERAL_NULL_CONVERSION = YES;
				CLANG_WARN_OBJC_IMPLICIT_RETAIN_SELF = YES;
				CLANG_WARN_OBJC_LITERAL_CONVERSION = YES;
				CLANG_WARN_OBJC_ROOT_CLASS = YES_ERROR;
				CLANG_WARN_QUOTED_INCLUDE_IN_FRAMEWORK_HEADER = YES;
				CLANG_WARN_RANGE_LOOP_ANALYSIS = YES;
				CLANG_WARN_STRICT_PROTOTYPES = YES;
				CLANG_WARN_SUSPICIOUS_MOVE = YES;
				CLANG_WARN_UNGUARDED_AVAILABILITY = YES_AGGRESSIVE;
				CLANG_WARN_UNREACHABLE_CODE = YES;
				CLANG_WARN__DUPLICATE_METHOD_MATCH = YES;
				COPY_PHASE_STRIP = NO;
				DEBUG_INFORMATION_FORMAT = "dwarf-with-dsym";
				ENABLE_NS_ASSERTIONS = NO;
				ENABLE_STRICT_OBJC_MSGSEND = YES;
				GCC_C_LANGUAGE_STANDARD = gnu11;
				GCC_NO_COMMON_BLOCKS = YES;
				GCC_WARN_64_TO_32_BIT_CONVERSION = YES;
				GCC_WARN_ABOUT_RETURN_TYPE = YES_ERROR;
				GCC_WARN_UNDECLARED_SELECTOR = YES;
				GCC_WARN_UNINITIALIZED_AUTOS = YES_AGGRESSIVE;
				GCC_WARN_UNUSED_FUNCTION = YES;
				GCC_WARN_UNUSED_VARIABLE = YES;
				IPHONEOS_DEPLOYMENT_TARGET = 13.0;
				MTL_ENABLE_DEBUG_INFO = NO;
				MTL_FAST_MATH = YES;
				SDKROOT = iphoneos;
				SWIFT_COMPILATION_MODE = wholemodule;
				SWIFT_OPTIMIZATION_LEVEL = "-O";
				VALIDATE_PRODUCT = YES;
			};
			name = Release;
		};
		6BAB2FBF29EDCDA5001C1286 /* Debug */ = {
			isa = XCBuildConfiguration;
			baseConfigurationReference = BA2CFD494E9676C639DC94D8 /* Pods-OpenSky.debug.xcconfig */;
			buildSettings = {
				ASSETCATALOG_COMPILER_APPICON_NAME = AppIcon;
				ASSETCATALOG_COMPILER_GLOBAL_ACCENT_COLOR_NAME = AccentColor;
				CODE_SIGN_STYLE = Automatic;
				CURRENT_PROJECT_VERSION = 1;
				DEVELOPMENT_TEAM = 2B2355P26S;
				GENERATE_INFOPLIST_FILE = YES;
				INFOPLIST_FILE = OpenSky/Resources/Info.plist;
				INFOPLIST_KEY_UIApplicationSupportsIndirectInputEvents = YES;
				INFOPLIST_KEY_UILaunchStoryboardName = LaunchScreen;
				INFOPLIST_KEY_UIMainStoryboardFile = Main;
				INFOPLIST_KEY_UISupportedInterfaceOrientations = UIInterfaceOrientationPortrait;
				INFOPLIST_KEY_UISupportedInterfaceOrientations_iPad = "UIInterfaceOrientationPortrait UIInterfaceOrientationPortraitUpsideDown UIInterfaceOrientationLandscapeLeft UIInterfaceOrientationLandscapeRight";
				INFOPLIST_KEY_UISupportedInterfaceOrientations_iPhone = "UIInterfaceOrientationPortrait UIInterfaceOrientationLandscapeLeft UIInterfaceOrientationLandscapeRight";
				LD_RUNPATH_SEARCH_PATHS = (
					"$(inherited)",
					"@executable_path/Frameworks",
				);
				MARKETING_VERSION = 1.0.0;
				PRODUCT_BUNDLE_IDENTIFIER = com.ilkaysever.OpenSky;
				PRODUCT_NAME = "$(TARGET_NAME)";
				SWIFT_EMIT_LOC_STRINGS = YES;
				SWIFT_VERSION = 5.0;
				TARGETED_DEVICE_FAMILY = 1;
			};
			name = Debug;
		};
		6BAB2FC029EDCDA5001C1286 /* Release */ = {
			isa = XCBuildConfiguration;
			baseConfigurationReference = 9A8053D52CA20837F8F930E8 /* Pods-OpenSky.release.xcconfig */;
			buildSettings = {
				ASSETCATALOG_COMPILER_APPICON_NAME = AppIcon;
				ASSETCATALOG_COMPILER_GLOBAL_ACCENT_COLOR_NAME = AccentColor;
				CODE_SIGN_STYLE = Automatic;
				CURRENT_PROJECT_VERSION = 1;
				DEVELOPMENT_TEAM = 2B2355P26S;
				GENERATE_INFOPLIST_FILE = YES;
				INFOPLIST_FILE = OpenSky/Resources/Info.plist;
				INFOPLIST_KEY_UIApplicationSupportsIndirectInputEvents = YES;
				INFOPLIST_KEY_UILaunchStoryboardName = LaunchScreen;
				INFOPLIST_KEY_UIMainStoryboardFile = Main;
				INFOPLIST_KEY_UISupportedInterfaceOrientations = UIInterfaceOrientationPortrait;
				INFOPLIST_KEY_UISupportedInterfaceOrientations_iPad = "UIInterfaceOrientationPortrait UIInterfaceOrientationPortraitUpsideDown UIInterfaceOrientationLandscapeLeft UIInterfaceOrientationLandscapeRight";
				INFOPLIST_KEY_UISupportedInterfaceOrientations_iPhone = "UIInterfaceOrientationPortrait UIInterfaceOrientationLandscapeLeft UIInterfaceOrientationLandscapeRight";
				LD_RUNPATH_SEARCH_PATHS = (
					"$(inherited)",
					"@executable_path/Frameworks",
				);
				MARKETING_VERSION = 1.0.0;
				PRODUCT_BUNDLE_IDENTIFIER = com.ilkaysever.OpenSky;
				PRODUCT_NAME = "$(TARGET_NAME)";
				SWIFT_EMIT_LOC_STRINGS = YES;
				SWIFT_VERSION = 5.0;
				TARGETED_DEVICE_FAMILY = 1;
			};
			name = Release;
		};
/* End XCBuildConfiguration section */

/* Begin XCConfigurationList section */
		6BAB2FA229EDCDA4001C1286 /* Build configuration list for PBXProject "OpenSky" */ = {
			isa = XCConfigurationList;
			buildConfigurations = (
				6BAB2FBC29EDCDA5001C1286 /* Debug */,
				6BAB2FBD29EDCDA5001C1286 /* Release */,
			);
			defaultConfigurationIsVisible = 0;
			defaultConfigurationName = Release;
		};
		6BAB2FBE29EDCDA5001C1286 /* Build configuration list for PBXNativeTarget "OpenSky" */ = {
			isa = XCConfigurationList;
			buildConfigurations = (
				6BAB2FBF29EDCDA5001C1286 /* Debug */,
				6BAB2FC029EDCDA5001C1286 /* Release */,
			);
			defaultConfigurationIsVisible = 0;
			defaultConfigurationName = Release;
		};
/* End XCConfigurationList section */

/* Begin XCVersionGroup section */
		6BAB2FB329EDCDA4001C1286 /* OpenSky.xcdatamodeld */ = {
			isa = XCVersionGroup;
			children = (
				6BAB2FB429EDCDA4001C1286 /* OpenSky.xcdatamodel */,
			);
			currentVersion = 6BAB2FB429EDCDA4001C1286 /* OpenSky.xcdatamodel */;
			path = OpenSky.xcdatamodeld;
			sourceTree = "<group>";
			versionGroupType = wrapper.xcdatamodel;
		};
/* End XCVersionGroup section */
	};
	rootObject = 6BAB2F9F29EDCDA4001C1286 /* Project object */;
}
